{
  "nodes": {
    "alsa-ucm-conf": {
      "flake": false,
      "locked": {
        "lastModified": 1714996889,
        "narHash": "sha256-FvJZbhjgRJCcZGP8lNOh8SV2nFuBuxrvPgTapHcTPxM=",
        "owner": "geoffreybennett",
        "repo": "alsa-ucm-conf",
        "rev": "765c952c7965001a65dc58b593e313f644bd9f6b",
        "type": "github"
      },
      "original": {
        "owner": "geoffreybennett",
        "repo": "alsa-ucm-conf",
        "type": "github"
      }
    },
    "aquamarine": {
      "inputs": {
        "hyprutils": [
          "hyprland",
          "hyprutils"
        ],
        "hyprwayland-scanner": [
          "hyprland",
          "hyprwayland-scanner"
        ],
        "nixpkgs": [
          "hyprland",
          "nixpkgs"
        ],
        "systems": [
          "hyprland",
          "systems"
        ]
      },
      "locked": {
        "lastModified": 1760101617,
        "narHash": "sha256-8jf/3ZCi+B7zYpIyV04+3wm72BD7Z801IlOzsOACR7I=",
        "owner": "hyprwm",
        "repo": "aquamarine",
        "rev": "1826a9923881320306231b1c2090379ebf9fa4f8",
        "type": "github"
      },
      "original": {
        "owner": "hyprwm",
        "repo": "aquamarine",
        "type": "github"
      }
    },
    "compootuers": {
      "locked": {
        "lastModified": 1760919597,
        "narHash": "sha256-51IDK+Yfb1wc4WNXcoQEIbZh3QIWOYko1rprjVGOyEw=",
        "owner": "mcsimw",
        "repo": "compootuers",
        "rev": "05d336be427ea4019d648aca89c41b84d074329d",
        "type": "github"
      },
      "original": {
        "owner": "mcsimw",
        "ref": "05d336be427ea4019d648aca89c41b84d074329d",
        "repo": "compootuers",
        "type": "github"
      }
    },
    "disko": {
      "inputs": {
        "nixpkgs": [
          "nixpkgs"
        ]
      },
      "locked": {
        "lastModified": 1760701190,
        "narHash": "sha256-y7UhnWlER8r776JsySqsbTUh2Txf7K30smfHlqdaIQw=",
        "owner": "nix-community",
        "repo": "disko",
        "rev": "3a9450b26e69dcb6f8de6e2b07b3fc1c288d85f5",
        "type": "github"
      },
      "original": {
        "owner": "nix-community",
        "repo": "disko",
        "type": "github"
      }
    },
    "flake-compat": {
      "flake": false,
      "locked": {
        "lastModified": 1747046372,
        "narHash": "sha256-CIVLLkVgvHYbgI2UpXvIIBJ12HWgX+fjA8Xf8PUmqCY=",
        "owner": "edolstra",
        "repo": "flake-compat",
        "rev": "9100a0f413b0c601e0533d1d94ffd501ce2e7885",
        "type": "github"
      },
      "original": {
        "owner": "edolstra",
        "repo": "flake-compat",
        "type": "github"
      }
    },
    "flake-parts": {
      "inputs": {
        "nixpkgs-lib": [
          "nixpkgs"
        ]
      },
      "locked": {
        "lastModified": 1760948891,
        "narHash": "sha256-TmWcdiUUaWk8J4lpjzu4gCGxWY6/Ok7mOK4fIFfBuU4=",
        "owner": "hercules-ci",
        "repo": "flake-parts",
        "rev": "864599284fc7c0ba6357ed89ed5e2cd5040f0c04",
        "type": "github"
      },
      "original": {
        "owner": "hercules-ci",
        "repo": "flake-parts",
        "type": "github"
      }
    },
    "gitignore": {
      "inputs": {
        "nixpkgs": [
          "hyprland",
          "pre-commit-hooks",
          "nixpkgs"
        ]
      },
      "locked": {
        "lastModified": 1709087332,
        "narHash": "sha256-HG2cCnktfHsKV0s4XW83gU3F57gaTljL9KNSuG6bnQs=",
        "owner": "hercules-ci",
        "repo": "gitignore.nix",
        "rev": "637db329424fd7e46cf4185293b9cc8c88c95394",
        "type": "github"
      },
      "original": {
        "owner": "hercules-ci",
        "repo": "gitignore.nix",
        "type": "github"
      }
    },
    "hyprcursor": {
      "inputs": {
        "hyprlang": [
          "hyprland",
          "hyprlang"
        ],
        "nixpkgs": [
          "hyprland",
          "nixpkgs"
        ],
        "systems": [
          "hyprland",
          "systems"
        ]
      },
      "locked": {
        "lastModified": 1753964049,
        "narHash": "sha256-lIqabfBY7z/OANxHoPeIrDJrFyYy9jAM4GQLzZ2feCM=",
        "owner": "hyprwm",
        "repo": "hyprcursor",
        "rev": "44e91d467bdad8dcf8bbd2ac7cf49972540980a5",
        "type": "github"
      },
      "original": {
        "owner": "hyprwm",
        "repo": "hyprcursor",
        "type": "github"
      }
    },
    "hyprgraphics": {
      "inputs": {
        "hyprutils": [
          "hyprland",
          "hyprutils"
        ],
        "nixpkgs": [
          "hyprland",
          "nixpkgs"
        ],
        "systems": [
          "hyprland",
          "systems"
        ]
      },
      "locked": {
        "lastModified": 1760445448,
        "narHash": "sha256-fXGjL6dw31FPFRrmIemzGiNSlfvEJTJNsmadZi+qNhI=",
        "owner": "hyprwm",
        "repo": "hyprgraphics",
        "rev": "50fb9f069219f338a11cf0bcccb9e58357d67757",
        "type": "github"
      },
      "original": {
        "owner": "hyprwm",
        "repo": "hyprgraphics",
        "type": "github"
      }
    },
    "hyprland": {
      "inputs": {
        "aquamarine": "aquamarine",
        "hyprcursor": "hyprcursor",
        "hyprgraphics": "hyprgraphics",
        "hyprland-protocols": "hyprland-protocols",
        "hyprland-qtutils": "hyprland-qtutils",
        "hyprlang": "hyprlang",
        "hyprutils": "hyprutils",
        "hyprwayland-scanner": "hyprwayland-scanner",
        "nixpkgs": "nixpkgs",
        "pre-commit-hooks": "pre-commit-hooks",
        "systems": "systems",
        "xdph": "xdph"
      },
      "locked": {
        "lastModified": 1761070278,
        "narHash": "sha256-7g1vO7c20SJ+0zlRYWjBT6vkcKmxiWmUGkPmaPjvBwg=",
        "owner": "hyprwm",
        "repo": "Hyprland",
        "rev": "02b0c563f37bf55d0211e06b286505cd562d0630",
        "type": "github"
      },
      "original": {
        "owner": "hyprwm",
        "repo": "Hyprland",
        "type": "github"
      }
    },
    "hyprland-protocols": {
      "inputs": {
        "nixpkgs": [
          "hyprland",
          "nixpkgs"
        ],
        "systems": [
          "hyprland",
          "systems"
        ]
      },
      "locked": {
        "lastModified": 1759610243,
        "narHash": "sha256-+KEVnKBe8wz+a6dTLq8YDcF3UrhQElwsYJaVaHXJtoI=",
        "owner": "hyprwm",
        "repo": "hyprland-protocols",
        "rev": "bd153e76f751f150a09328dbdeb5e4fab9d23622",
        "type": "github"
      },
      "original": {
        "owner": "hyprwm",
        "repo": "hyprland-protocols",
        "type": "github"
      }
    },
    "hyprland-qt-support": {
      "inputs": {
        "hyprlang": [
          "hyprland",
          "hyprland-qtutils",
          "hyprlang"
        ],
        "nixpkgs": [
          "hyprland",
          "hyprland-qtutils",
          "nixpkgs"
        ],
        "systems": [
          "hyprland",
          "hyprland-qtutils",
          "systems"
        ]
      },
      "locked": {
        "lastModified": 1749154592,
        "narHash": "sha256-DO7z5CeT/ddSGDEnK9mAXm1qlGL47L3VAHLlLXoCjhE=",
        "owner": "hyprwm",
        "repo": "hyprland-qt-support",
        "rev": "4c8053c3c888138a30c3a6c45c2e45f5484f2074",
        "type": "github"
      },
      "original": {
        "owner": "hyprwm",
        "repo": "hyprland-qt-support",
        "type": "github"
      }
    },
    "hyprland-qtutils": {
      "inputs": {
        "hyprland-qt-support": "hyprland-qt-support",
        "hyprlang": [
          "hyprland",
          "hyprlang"
        ],
        "hyprutils": [
          "hyprland",
          "hyprland-qtutils",
          "hyprlang",
          "hyprutils"
        ],
        "nixpkgs": [
          "hyprland",
          "nixpkgs"
        ],
        "systems": [
          "hyprland",
          "systems"
        ]
      },
      "locked": {
        "lastModified": 1759080228,
        "narHash": "sha256-RgDoAja0T1hnF0pTc56xPfLfFOO8Utol2iITwYbUhTk=",
        "owner": "hyprwm",
        "repo": "hyprland-qtutils",
        "rev": "629b15c19fa4082e4ce6be09fdb89e8c3312aed7",
        "type": "github"
      },
      "original": {
        "owner": "hyprwm",
        "repo": "hyprland-qtutils",
        "type": "github"
      }
    },
    "hyprlang": {
      "inputs": {
        "hyprutils": [
          "hyprland",
          "hyprutils"
        ],
        "nixpkgs": [
          "hyprland",
          "nixpkgs"
        ],
        "systems": [
          "hyprland",
          "systems"
        ]
      },
      "locked": {
        "lastModified": 1758927902,
        "narHash": "sha256-LZgMds7M94+vuMql2bERQ6LiFFdhgsEFezE4Vn+Ys3A=",
        "owner": "hyprwm",
        "repo": "hyprlang",
        "rev": "4dafa28d4f79877d67a7d1a654cddccf8ebf15da",
        "type": "github"
      },
      "original": {
        "owner": "hyprwm",
        "repo": "hyprlang",
        "type": "github"
      }
    },
    "hyprutils": {
      "inputs": {
        "nixpkgs": [
          "hyprland",
          "nixpkgs"
        ],
        "systems": [
          "hyprland",
          "systems"
        ]
      },
      "locked": {
        "lastModified": 1759619523,
        "narHash": "sha256-r1ed7AR2ZEb2U8gy321/Xcp1ho2tzn+gG1te/Wxsj1A=",
        "owner": "hyprwm",
        "repo": "hyprutils",
        "rev": "3df7bde01efb3a3e8e678d1155f2aa3f19e177ef",
        "type": "github"
      },
      "original": {
        "owner": "hyprwm",
        "repo": "hyprutils",
        "type": "github"
      }
    },
    "hyprwayland-scanner": {
      "inputs": {
        "nixpkgs": [
          "hyprland",
          "nixpkgs"
        ],
        "systems": [
          "hyprland",
          "systems"
        ]
      },
      "locked": {
        "lastModified": 1755184602,
        "narHash": "sha256-RCBQN8xuADB0LEgaKbfRqwm6CdyopE1xIEhNc67FAbw=",
        "owner": "hyprwm",
        "repo": "hyprwayland-scanner",
        "rev": "b3b0f1f40ae09d4447c20608e5a4faf8bf3c492d",
        "type": "github"
      },
      "original": {
        "owner": "hyprwm",
        "repo": "hyprwayland-scanner",
        "type": "github"
      }
    },
    "import-tree": {
      "locked": {
        "lastModified": 1752730890,
        "narHash": "sha256-GES8fapSLGz36MMPRVNkSUWXUTtqvGQNXHjRmRLfJUY=",
        "owner": "vic",
        "repo": "import-tree",
        "rev": "6ebb8cb87987b20264c09296166543fd3761d274",
        "type": "github"
      },
      "original": {
        "owner": "vic",
        "repo": "import-tree",
        "type": "github"
      }
    },
    "mnw": {
      "locked": {
        "lastModified": 1758834834,
        "narHash": "sha256-Y7IvY4F8vajZyp3WGf+KaiIVwondEkMFkt92Cr9NZmg=",
        "owner": "Gerg-L",
        "repo": "mnw",
        "rev": "cfbc7d1cc832e318d0863a5fc91d940a96034001",
        "type": "github"
      },
      "original": {
        "owner": "Gerg-L",
        "repo": "mnw",
        "type": "github"
      }
    },
    "nix-maid": {
      "locked": {
        "lastModified": 1759079758,
        "narHash": "sha256-M4CXp3WZaDq3CQuJVHnOD4UTIPlO18rT7QNkDxCdwQ4=",
        "owner": "viperML",
        "repo": "nix-maid",
        "rev": "1fba7077239d7a85b29282724a7d7ee1ff7eb4f5",
        "type": "github"
      },
      "original": {
        "owner": "viperML",
        "ref": "all-fileconfig",
        "repo": "nix-maid",
        "type": "github"
      }
    },
    "nix-vscode-extensions": {
      "inputs": {
        "nixpkgs": [
          "nixpkgs"
        ]
      },
      "locked": {
        "lastModified": 1761011896,
        "narHash": "sha256-p6oWYhpJGIV76tJExGUFRkir29yCTUYLsnKmnhzW2C0=",
        "owner": "nix-community",
        "repo": "nix-vscode-extensions",
        "rev": "0a74c6a180110ac18584780eeff31e302b0bf8a4",
        "type": "github"
      },
      "original": {
        "owner": "nix-community",
        "repo": "nix-vscode-extensions",
        "type": "github"
      }
    },
    "nixpkgs": {
      "locked": {
        "lastModified": 1760878510,
        "narHash": "sha256-K5Osef2qexezUfs0alLvZ7nQFTGS9DL2oTVsIXsqLgs=",
        "owner": "NixOS",
        "repo": "nixpkgs",
        "rev": "5e2a59a5b1a82f89f2c7e598302a9cacebb72a67",
        "type": "github"
      },
      "original": {
        "owner": "NixOS",
        "ref": "nixos-unstable",
        "repo": "nixpkgs",
        "type": "github"
      }
    },
    "nixpkgs-stable": {
      "locked": {
        "lastModified": 1760862643,
        "narHash": "sha256-PXwG0TM7Ek87DNx4LbGWuD93PbFeKAJs4FfALtp7Wo0=",
        "owner": "NixOS",
        "repo": "nixpkgs",
        "rev": "33c6dca0c0cb31d6addcd34e90a63ad61826b28c",
        "type": "github"
      },
      "original": {
        "owner": "NixOS",
        "ref": "nixos-25.05",
        "repo": "nixpkgs",
        "type": "github"
      }
    },
    "nixpkgs_2": {
      "locked": {
        "lastModified": 1760878510,
        "narHash": "sha256-K5Osef2qexezUfs0alLvZ7nQFTGS9DL2oTVsIXsqLgs=",
        "owner": "NixOS",
        "repo": "nixpkgs",
        "rev": "5e2a59a5b1a82f89f2c7e598302a9cacebb72a67",
        "type": "github"
      },
      "original": {
        "owner": "NixOS",
        "ref": "nixos-unstable",
        "repo": "nixpkgs",
        "type": "github"
      }
    },
    "nixpkgs_3": {
      "locked": {
        "lastModified": 1760524057,
        "narHash": "sha256-EVAqOteLBFmd7pKkb0+FIUyzTF61VKi7YmvP1tw4nEw=",
        "owner": "nixos",
        "repo": "nixpkgs",
        "rev": "544961dfcce86422ba200ed9a0b00dd4b1486ec5",
        "type": "github"
      },
      "original": {
        "owner": "nixos",
        "ref": "nixos-unstable",
        "repo": "nixpkgs",
        "type": "github"
      }
    },
    "nvim-treesitter": {
      "flake": false,
      "locked": {
        "lastModified": 1760866486,
        "narHash": "sha256-ZeNCXy6+I18N+Nu2sKnEk2otVEb8V3tKhL8Jq95wS5k=",
        "owner": "nvim-treesitter",
        "repo": "nvim-treesitter",
        "rev": "71bf1665f804d46f7e4b24ad7ffc11f6ea5b271a",
        "type": "github"
      },
      "original": {
        "owner": "nvim-treesitter",
        "ref": "main",
        "repo": "nvim-treesitter",
        "type": "github"
      }
    },
    "nvim-treesitter-main": {
      "inputs": {
        "nixpkgs": "nixpkgs_3",
        "nvim-treesitter": "nvim-treesitter",
        "nvim-treesitter-textobjects": "nvim-treesitter-textobjects"
      },
      "locked": {
        "lastModified": 1760906917,
        "narHash": "sha256-WJScDX0q/+PCRpvBSlJfV01kwvu9WCk5YDpzW2Zswj8=",
        "owner": "iofq",
        "repo": "nvim-treesitter-main",
        "rev": "420c14c0523d65c6c7ce943e8f2fb896eff950e3",
        "type": "github"
      },
      "original": {
        "owner": "iofq",
        "repo": "nvim-treesitter-main",
        "type": "github"
      }
    },
    "nvim-treesitter-textobjects": {
      "flake": false,
      "locked": {
        "lastModified": 1756368113,
        "narHash": "sha256-+KmOpRi4JAqm6UqYdtk80jwFrJhLCs0lZM/Liofq0R4=",
        "owner": "nvim-treesitter",
        "repo": "nvim-treesitter-textobjects",
        "rev": "1b2d85d3de6114c4bcea89ffb2cd1ce9e3a19931",
        "type": "github"
      },
      "original": {
        "owner": "nvim-treesitter",
        "ref": "main",
        "repo": "nvim-treesitter-textobjects",
        "type": "github"
      }
    },
    "pre-commit-hooks": {
      "inputs": {
        "flake-compat": "flake-compat",
        "gitignore": "gitignore",
        "nixpkgs": [
          "hyprland",
          "nixpkgs"
        ]
      },
      "locked": {
        "lastModified": 1760663237,
        "narHash": "sha256-BflA6U4AM1bzuRMR8QqzPXqh8sWVCNDzOdsxXEguJIc=",
        "owner": "cachix",
        "repo": "git-hooks.nix",
        "rev": "ca5b894d3e3e151ffc1db040b6ce4dcc75d31c37",
        "type": "github"
      },
      "original": {
        "owner": "cachix",
        "repo": "git-hooks.nix",
        "type": "github"
      }
    },
    "preservation": {
      "locked": {
        "lastModified": 1757436102,
        "narHash": "sha256-mMI9IanU+Xw+pVogD2oT0I2kTmvz2Un/Apc5+CwUpEY=",
        "owner": "nix-community",
        "repo": "preservation",
        "rev": "93416f4614ad2dfed5b0dcf12f27e57d27a5ab11",
        "type": "github"
      },
      "original": {
        "owner": "nix-community",
        "repo": "preservation",
        "type": "github"
      }
    },
    "root": {
      "inputs": {
        "alsa-ucm-conf": "alsa-ucm-conf",
        "compootuers": "compootuers",
        "disko": "disko",
        "flake-parts": "flake-parts",
        "hyprland": "hyprland",
        "import-tree": "import-tree",
        "mnw": "mnw",
        "nix-maid": "nix-maid",
        "nix-vscode-extensions": "nix-vscode-extensions",
        "nixpkgs": "nixpkgs_2",
        "nixpkgs-stable": "nixpkgs-stable",
        "nvim-treesitter-main": "nvim-treesitter-main",
        "preservation": "preservation",
        "treefmt-nix": "treefmt-nix",
        "wrapper-manager": "wrapper-manager"
      }
    },
    "systems": {
      "locked": {
        "lastModified": 1689347949,
        "narHash": "sha256-12tWmuL2zgBgZkdoB6qXZsgJEH9LR3oUgpaQq2RbI80=",
        "owner": "nix-systems",
        "repo": "default-linux",
        "rev": "31732fcf5e8fea42e59c2488ad31a0e651500f68",
        "type": "github"
      },
      "original": {
        "owner": "nix-systems",
        "repo": "default-linux",
        "type": "github"
      }
    },
    "treefmt-nix": {
      "inputs": {
        "nixpkgs": [
          "nixpkgs"
        ]
      },
      "locked": {
        "lastModified": 1760945191,
        "narHash": "sha256-ZRVs8UqikBa4Ki3X4KCnMBtBW0ux1DaT35tgsnB1jM4=",
        "owner": "numtide",
        "repo": "treefmt-nix",
        "rev": "f56b1934f5f8fcab8deb5d38d42fd692632b47c2",
        "type": "github"
      },
      "original": {
        "owner": "numtide",
        "repo": "treefmt-nix",
        "type": "github"
      }
    },
    "wrapper-manager": {
      "locked": {
        "lastModified": 1757156862,
        "narHash": "sha256-OGXsTE5jWhGiFfK6OwMvjksrYSobsIFUSUzKsexCDxY=",
        "owner": "viperML",
        "repo": "wrapper-manager",
        "rev": "801dd9c876fcada046af45543e8c7e0bbccf20ea",
        "type": "github"
      },
      "original": {
        "owner": "viperML",
        "repo": "wrapper-manager",
        "type": "github"
      }
    },
    "xdph": {
      "inputs": {
        "hyprland-protocols": [
          "hyprland",
          "hyprland-protocols"
        ],
        "hyprlang": [
          "hyprland",
          "hyprlang"
        ],
        "hyprutils": [
          "hyprland",
          "hyprutils"
        ],
        "hyprwayland-scanner": [
          "hyprland",
          "hyprwayland-scanner"
        ],
        "nixpkgs": [
          "hyprland",
          "nixpkgs"
        ],
        "systems": [
          "hyprland",
          "systems"
        ]
      },
      "locked": {
        "lastModified": 1760713634,
        "narHash": "sha256-5HXelmz2x/uO26lvW7MudnadbAfoBnve4tRBiDVLtOM=",
        "owner": "hyprwm",
        "repo": "xdg-desktop-portal-hyprland",
        "rev": "753bbbdf6a052994da94062e5b753288cef28dfb",
        "type": "github"
      },
      "original": {
        "owner": "hyprwm",
        "repo": "xdg-desktop-portal-hyprland",
        "type": "github"
      }
    }
  },
  "root": "root",
  "version": 7
}
